
Microsoft Visual Studio Solution File, Format Version 12.00
# Visual Studio Version 17
VisualStudioVersion = 17.2.32526.322
MinimumVisualStudioVersion = 10.0.40219.1
Project("{FAE04EC0-301F-11D3-BF4B-00C04F79EFBC}") = "pProjetSynthèse", "pProjetSynthèse\pProjetSynthèse.csproj", "{EDB89C7F-626E-4B45-A123-EB4E79C31580}"
EndProject
Global
	GlobalSection(SolutionConfigurationPlatforms) = preSolution
		Debug|Any CPU = Debug|Any CPU
		Release|Any CPU = Release|Any CPU
	EndGlobalSection
	GlobalSection(ProjectConfigurationPlatforms) = postSolution
		{EDB89C7F-626E-4B45-A123-EB4E79C31580}.Debug|Any CPU.ActiveCfg = Debug|Any CPU
		{EDB89C7F-626E-4B45-A123-EB4E79C31580}.Debug|Any CPU.Build.0 = Debug|Any CPU
		{EDB89C7F-626E-4B45-A123-EB4E79C31580}.Release|Any CPU.ActiveCfg = Release|Any CPU
		{EDB89C7F-626E-4B45-A123-EB4E79C31580}.Release|Any CPU.Build.0 = Release|Any CPU
	EndGlobalSection
	GlobalSection(SolutionProperties) = preSolution
		HideSolutionNode = FALSE
	EndGlobalSection
	GlobalSection(ExtensibilityGlobals) = postSolution
		SolutionGuid = {EEF962DB-368A-4BE7-AC60-6188BEDAF2FC}
	EndGlobalSection
EndGlobal
